<?xml version="1.0" encoding="utf-8"?>
<Project ToolsVersion="4.0" xmlns="http://schemas.microsoft.com/developer/msbuild/2003">
  <ItemGroup>
    <Filter Include="소스 파일">
      <UniqueIdentifier>{4FC737F1-C7A5-4376-A066-2A32D752A2FF}</UniqueIdentifier>
      <Extensions>cpp;c;cc;cxx;c++;cppm;ixx;def;odl;idl;hpj;bat;asm;asmx</Extensions>
    </Filter>
    <Filter Include="헤더 파일">
      <UniqueIdentifier>{93995380-89BD-4b04-88EB-625FBE52EBFB}</UniqueIdentifier>
      <Extensions>h;hh;hpp;hxx;h++;hm;inl;inc;ipp;xsd</Extensions>
    </Filter>
    <Filter Include="리소스 파일">
      <UniqueIdentifier>{67DA6AB6-F800-4c08-8B7A-83BB121AAD01}</UniqueIdentifier>
      <Extensions>rc;ico;cur;bmp;dlg;rc2;rct;bin;rgs;gif;jpg;jpeg;jpe;resx;tiff;tif;png;wav;mfcribbon-ms</Extensions>
    </Filter>
    <Filter Include="solved">
      <UniqueIdentifier>{2936c052-fc48-48fa-abc3-575f1acc302a}</UniqueIdentifier>
    </Filter>
  </ItemGroup>
  <ItemGroup>
    <ClCompile Include="241204_1_1085.cpp">
      <Filter>solved</Filter>
    </ClCompile>
    <ClCompile Include="241204_2_1100.cpp">
      <Filter>solved</Filter>
    </ClCompile>
    <ClCompile Include="241204_3_1157.cpp">
      <Filter>solved</Filter>
    </ClCompile>
    <ClCompile Include="241205_1_1059.cpp">
      <Filter>solved</Filter>
    </ClCompile>
    <ClCompile Include="241205_2_1003.cpp">
      <Filter>solved</Filter>
    </ClCompile>
    <ClCompile Include="241205_3_1138.cpp">
      <Filter>solved</Filter>
    </ClCompile>
    <ClCompile Include="241206_1_9655.cpp">
      <Filter>solved</Filter>
    </ClCompile>
    <ClCompile Include="241206_2_1904.cpp">
      <Filter>solved</Filter>
    </ClCompile>
    <ClCompile Include="241206_3_9657.cpp">
      <Filter>solved</Filter>
    </ClCompile>
  </ItemGroup>
</Project>